
Microsoft Visual Studio Solution File, Format Version 12.00
# Visual Studio Version 17
VisualStudioVersion = 17.14.36915.13 d17.14
MinimumVisualStudioVersion = 10.0.40219.1
Project("{FAE04EC0-301F-11D3-BF4B-00C04F79EFBC}") = "Komponenta1", "Komponenta1\Komponenta1.csproj", "{147AE27B-ACA8-4533-83C3-E6EB81D1D0A5}"
EndProject
Global
	GlobalSection(SolutionConfigurationPlatforms) = preSolution
		Debug|Any CPU = Debug|Any CPU
		Release|Any CPU = Release|Any CPU
	EndGlobalSection
	GlobalSection(ProjectConfigurationPlatforms) = postSolution
		{147AE27B-ACA8-4533-83C3-E6EB81D1D0A5}.Debug|Any CPU.ActiveCfg = Debug|Any CPU
		{147AE27B-ACA8-4533-83C3-E6EB81D1D0A5}.Debug|Any CPU.Build.0 = Debug|Any CPU
		{147AE27B-ACA8-4533-83C3-E6EB81D1D0A5}.Release|Any CPU.ActiveCfg = Release|Any CPU
		{147AE27B-ACA8-4533-83C3-E6EB81D1D0A5}.Release|Any CPU.Build.0 = Release|Any CPU
	EndGlobalSection
	GlobalSection(SolutionProperties) = preSolution
		HideSolutionNode = FALSE
	EndGlobalSection
	GlobalSection(ExtensibilityGlobals) = postSolution
		SolutionGuid = {7DF0C19C-8AE0-465C-B75D-0B45FD7068CA}
	EndGlobalSection
EndGlobal
